Microsoft Visual Studio Solution File, Format Version 12.00
# Visual Studio Version 17
VisualStudioVersion = 17.5.2.0
MinimumVisualStudioVersion = 10.0.40219.1
Project("{FAE04EC0-301F-11D3-BF4B-00C04F79EFBC}") = "GreenDriveApi", "GreenDriveApi.csproj", "{A9673444-9610-3CBD-F194-8DB820EBF4DB}"
EndProject
Global
	GlobalSection(SolutionConfigurationPlatforms) = preSolution
		Debug|Any CPU = Debug|Any CPU
		Release|Any CPU = Release|Any CPU
	EndGlobalSection
	GlobalSection(ProjectConfigurationPlatforms) = postSolution
		{A9673444-9610-3CBD-F194-8DB820EBF4DB}.Debug|Any CPU.ActiveCfg = Debug|Any CPU
		{A9673444-9610-3CBD-F194-8DB820EBF4DB}.Debug|Any CPU.Build.0 = Debug|Any CPU
		{A9673444-9610-3CBD-F194-8DB820EBF4DB}.Release|Any CPU.ActiveCfg = Release|Any CPU
		{A9673444-9610-3CBD-F194-8DB820EBF4DB}.Release|Any CPU.Build.0 = Release|Any CPU
	EndGlobalSection
	GlobalSection(SolutionProperties) = preSolution
		HideSolutionNode = FALSE
	EndGlobalSection
	GlobalSection(ExtensibilityGlobals) = postSolution
		SolutionGuid = {0476F08F-5143-4E06-AFEF-EF1B7BDD14EA}
	EndGlobalSection
EndGlobal
